
Microsoft Visual Studio Solution File, Format Version 12.00
# Visual Studio Version 16
VisualStudioVersion = 16.0.31129.286
MinimumVisualStudioVersion = 10.0.40219.1
Project("{2150E333-8FDC-42A3-9474-1A3956D46DE8}") = "02 - TDD", "02 - TDD", "{DBB14917-F942-4FA3-98D8-13F5429F5DB4}"
EndProject
Project("{2150E333-8FDC-42A3-9474-1A3956D46DE8}") = "Tests", "Tests", "{D1BE64BE-3701-4095-87BB-8B57BC6BEA76}"
EndProject
Project("{9A19103F-16F7-4668-BE54-9A1E7A4F7556}") = "NerdStore.Vendas.Application.Tests", "02 - TDD\tests\NerdStore.Vendas.Application.Tests\NerdStore.Vendas.Application.Tests.csproj", "{257D1908-3963-4DDC-9390-5A5480323E46}"
EndProject
Project("{9A19103F-16F7-4668-BE54-9A1E7A4F7556}") = "NerdStore.Vendas.Domain.Tests", "02 - TDD\tests\NerdStore.Vendas.Domain.Tests\NerdStore.Vendas.Domain.Tests.csproj", "{E8518230-1C24-418E-A7A7-D751E3088642}"
EndProject
Project("{9A19103F-16F7-4668-BE54-9A1E7A4F7556}") = "NerdStore.Vendas.Domain", "02 - TDD\src\NerdStore.Vendas.Domain\NerdStore.Vendas.Domain.csproj", "{D697F887-C1F6-42E7-9012-C2EEC6139535}"
EndProject
Project("{9A19103F-16F7-4668-BE54-9A1E7A4F7556}") = "NerdStore.Core", "02 - TDD\src\NerdStore.Core\NerdStore.Core.csproj", "{DB1CDF1F-76B9-44E0-B4A1-0752CADC4850}"
EndProject
Project("{9A19103F-16F7-4668-BE54-9A1E7A4F7556}") = "NerdStore.Vendas.Application", "02 - TDD\src\NerdStore.Vendas.Application\NerdStore.Vendas.Application.csproj", "{A8743CF6-164F-40BB-9069-2B8CB8AEBD6C}"
EndProject
Project("{9A19103F-16F7-4668-BE54-9A1E7A4F7556}") = "NerdStore.Vendas.Data", "02 - TDD\src\NerdStore.Vendas.Data\NerdStore.Vendas.Data.csproj", "{5C0C1DED-0203-447F-AE80-A19FE615252A}"
EndProject
Project("{2150E333-8FDC-42A3-9474-1A3956D46DE8}") = "03 - Testes de Integração", "03 - Testes de Integração", "{FC0F4F05-0150-4FE8-BD8A-4921400AC325}"
EndProject
Project("{2150E333-8FDC-42A3-9474-1A3956D46DE8}") = "Integration Tests", "Integration Tests", "{2E7A2AC2-7AF6-4C02-ABA7-4E21F4E7654D}"
EndProject
Project("{9A19103F-16F7-4668-BE54-9A1E7A4F7556}") = "NerdStore.Catalogo.Application", "03 - Testes de Integracao\src\NerdStore.Catalogo.Application\NerdStore.Catalogo.Application.csproj", "{C50BC375-CFFC-4F5C-BE11-A7CE60E77DEE}"
EndProject
Project("{9A19103F-16F7-4668-BE54-9A1E7A4F7556}") = "NerdStore.Catalogo.Data", "03 - Testes de Integracao\src\NerdStore.Catalogo.Data\NerdStore.Catalogo.Data.csproj", "{DA3B6EFB-A35A-4061-9511-A1C54F292C3C}"
EndProject
Project("{9A19103F-16F7-4668-BE54-9A1E7A4F7556}") = "NerdStore.Catalogo.Domain", "03 - Testes de Integracao\src\NerdStore.Catalogo.Domain\NerdStore.Catalogo.Domain.csproj", "{72151A5D-5DD5-4813-894F-661EE1135D04}"
EndProject
Project("{9A19103F-16F7-4668-BE54-9A1E7A4F7556}") = "NerdStore.WebApp.MVC", "03 - Testes de Integracao\src\NerdStore.WebApp.MVC\NerdStore.WebApp.MVC.csproj", "{F36E8EFB-F608-44FB-8F3E-9BE8AE7F2450}"
EndProject
Project("{9A19103F-16F7-4668-BE54-9A1E7A4F7556}") = "NerdStore.WebApp.Tests", "03 - Testes de Integracao\tests\NerdStore.WebApp.Tests\NerdStore.WebApp.Tests.csproj", "{717B79AC-0E45-4052-A4F5-610E8DD015B1}"
EndProject
Project("{2150E333-8FDC-42A3-9474-1A3956D46DE8}") = "01 - Testes de Unidade", "01 - Testes de Unidade", "{8FCB5362-D70F-4822-85CB-92F92A9CB807}"
EndProject
Project("{2150E333-8FDC-42A3-9474-1A3956D46DE8}") = "1.1 - Testes Basicos", "1.1 - Testes Basicos", "{24337A15-6E96-49C1-B48E-035F339D27AE}"
EndProject
Project("{2150E333-8FDC-42A3-9474-1A3956D46DE8}") = "2.2 - Features", "2.2 - Features", "{6F680CB6-5FD5-4176-AB08-BFF5EF57F940}"
EndProject
Project("{9A19103F-16F7-4668-BE54-9A1E7A4F7556}") = "Demo", "01 - Testes de Unidade\Demo\Demo.csproj", "{7E60CE77-B227-472E-9B49-A5698FBFFED4}"
EndProject
Project("{9A19103F-16F7-4668-BE54-9A1E7A4F7556}") = "Demo.Tests", "01 - Testes de Unidade\Demo.Tests\Demo.Tests.csproj", "{9B667746-DC13-4D5E-888F-F29D019D83A6}"
EndProject
Project("{9A19103F-16F7-4668-BE54-9A1E7A4F7556}") = "Features", "01 - Testes de Unidade\Features\Features.csproj", "{5BD39BE6-D266-4594-B8F2-3DB61C975A1E}"
EndProject
Project("{9A19103F-16F7-4668-BE54-9A1E7A4F7556}") = "Features.Tests", "01 - Testes de Unidade\Features.Tests\Features.Tests.csproj", "{346B0886-979D-47A1-9E62-CE661A505E95}"
EndProject
Global
	GlobalSection(SolutionConfigurationPlatforms) = preSolution
		Debug|Any CPU = Debug|Any CPU
		Release|Any CPU = Release|Any CPU
	EndGlobalSection
	GlobalSection(ProjectConfigurationPlatforms) = postSolution
		{257D1908-3963-4DDC-9390-5A5480323E46}.Debug|Any CPU.ActiveCfg = Debug|Any CPU
		{257D1908-3963-4DDC-9390-5A5480323E46}.Debug|Any CPU.Build.0 = Debug|Any CPU
		{257D1908-3963-4DDC-9390-5A5480323E46}.Release|Any CPU.ActiveCfg = Release|Any CPU
		{257D1908-3963-4DDC-9390-5A5480323E46}.Release|Any CPU.Build.0 = Release|Any CPU
		{E8518230-1C24-418E-A7A7-D751E3088642}.Debug|Any CPU.ActiveCfg = Debug|Any CPU
		{E8518230-1C24-418E-A7A7-D751E3088642}.Debug|Any CPU.Build.0 = Debug|Any CPU
		{E8518230-1C24-418E-A7A7-D751E3088642}.Release|Any CPU.ActiveCfg = Release|Any CPU
		{E8518230-1C24-418E-A7A7-D751E3088642}.Release|Any CPU.Build.0 = Release|Any CPU
		{D697F887-C1F6-42E7-9012-C2EEC6139535}.Debug|Any CPU.ActiveCfg = Debug|Any CPU
		{D697F887-C1F6-42E7-9012-C2EEC6139535}.Debug|Any CPU.Build.0 = Debug|Any CPU
		{D697F887-C1F6-42E7-9012-C2EEC6139535}.Release|Any CPU.ActiveCfg = Release|Any CPU
		{D697F887-C1F6-42E7-9012-C2EEC6139535}.Release|Any CPU.Build.0 = Release|Any CPU
		{DB1CDF1F-76B9-44E0-B4A1-0752CADC4850}.Debug|Any CPU.ActiveCfg = Debug|Any CPU
		{DB1CDF1F-76B9-44E0-B4A1-0752CADC4850}.Debug|Any CPU.Build.0 = Debug|Any CPU
		{DB1CDF1F-76B9-44E0-B4A1-0752CADC4850}.Release|Any CPU.ActiveCfg = Release|Any CPU
		{DB1CDF1F-76B9-44E0-B4A1-0752CADC4850}.Release|Any CPU.Build.0 = Release|Any CPU
		{A8743CF6-164F-40BB-9069-2B8CB8AEBD6C}.Debug|Any CPU.ActiveCfg = Debug|Any CPU
		{A8743CF6-164F-40BB-9069-2B8CB8AEBD6C}.Debug|Any CPU.Build.0 = Debug|Any CPU
		{A8743CF6-164F-40BB-9069-2B8CB8AEBD6C}.Release|Any CPU.ActiveCfg = Release|Any CPU
		{A8743CF6-164F-40BB-9069-2B8CB8AEBD6C}.Release|Any CPU.Build.0 = Release|Any CPU
		{5C0C1DED-0203-447F-AE80-A19FE615252A}.Debug|Any CPU.ActiveCfg = Debug|Any CPU
		{5C0C1DED-0203-447F-AE80-A19FE615252A}.Debug|Any CPU.Build.0 = Debug|Any CPU
		{5C0C1DED-0203-447F-AE80-A19FE615252A}.Release|Any CPU.ActiveCfg = Release|Any CPU
		{5C0C1DED-0203-447F-AE80-A19FE615252A}.Release|Any CPU.Build.0 = Release|Any CPU
		{C50BC375-CFFC-4F5C-BE11-A7CE60E77DEE}.Debug|Any CPU.ActiveCfg = Debug|Any CPU
		{C50BC375-CFFC-4F5C-BE11-A7CE60E77DEE}.Debug|Any CPU.Build.0 = Debug|Any CPU
		{C50BC375-CFFC-4F5C-BE11-A7CE60E77DEE}.Release|Any CPU.ActiveCfg = Release|Any CPU
		{C50BC375-CFFC-4F5C-BE11-A7CE60E77DEE}.Release|Any CPU.Build.0 = Release|Any CPU
		{DA3B6EFB-A35A-4061-9511-A1C54F292C3C}.Debug|Any CPU.ActiveCfg = Debug|Any CPU
		{DA3B6EFB-A35A-4061-9511-A1C54F292C3C}.Debug|Any CPU.Build.0 = Debug|Any CPU
		{DA3B6EFB-A35A-4061-9511-A1C54F292C3C}.Release|Any CPU.ActiveCfg = Release|Any CPU
		{DA3B6EFB-A35A-4061-9511-A1C54F292C3C}.Release|Any CPU.Build.0 = Release|Any CPU
		{72151A5D-5DD5-4813-894F-661EE1135D04}.Debug|Any CPU.ActiveCfg = Debug|Any CPU
		{72151A5D-5DD5-4813-894F-661EE1135D04}.Debug|Any CPU.Build.0 = Debug|Any CPU
		{72151A5D-5DD5-4813-894F-661EE1135D04}.Release|Any CPU.ActiveCfg = Release|Any CPU
		{72151A5D-5DD5-4813-894F-661EE1135D04}.Release|Any CPU.Build.0 = Release|Any CPU
		{F36E8EFB-F608-44FB-8F3E-9BE8AE7F2450}.Debug|Any CPU.ActiveCfg = Debug|Any CPU
		{F36E8EFB-F608-44FB-8F3E-9BE8AE7F2450}.Debug|Any CPU.Build.0 = Debug|Any CPU
		{F36E8EFB-F608-44FB-8F3E-9BE8AE7F2450}.Release|Any CPU.ActiveCfg = Release|Any CPU
		{F36E8EFB-F608-44FB-8F3E-9BE8AE7F2450}.Release|Any CPU.Build.0 = Release|Any CPU
		{717B79AC-0E45-4052-A4F5-610E8DD015B1}.Debug|Any CPU.ActiveCfg = Debug|Any CPU
		{717B79AC-0E45-4052-A4F5-610E8DD015B1}.Debug|Any CPU.Build.0 = Debug|Any CPU
		{717B79AC-0E45-4052-A4F5-610E8DD015B1}.Release|Any CPU.ActiveCfg = Release|Any CPU
		{717B79AC-0E45-4052-A4F5-610E8DD015B1}.Release|Any CPU.Build.0 = Release|Any CPU
		{7E60CE77-B227-472E-9B49-A5698FBFFED4}.Debug|Any CPU.ActiveCfg = Debug|Any CPU
		{7E60CE77-B227-472E-9B49-A5698FBFFED4}.Debug|Any CPU.Build.0 = Debug|Any CPU
		{7E60CE77-B227-472E-9B49-A5698FBFFED4}.Release|Any CPU.ActiveCfg = Release|Any CPU
		{7E60CE77-B227-472E-9B49-A5698FBFFED4}.Release|Any CPU.Build.0 = Release|Any CPU
		{9B667746-DC13-4D5E-888F-F29D019D83A6}.Debug|Any CPU.ActiveCfg = Debug|Any CPU
		{9B667746-DC13-4D5E-888F-F29D019D83A6}.Debug|Any CPU.Build.0 = Debug|Any CPU
		{9B667746-DC13-4D5E-888F-F29D019D83A6}.Release|Any CPU.ActiveCfg = Release|Any CPU
		{9B667746-DC13-4D5E-888F-F29D019D83A6}.Release|Any CPU.Build.0 = Release|Any CPU
		{5BD39BE6-D266-4594-B8F2-3DB61C975A1E}.Debug|Any CPU.ActiveCfg = Debug|Any CPU
		{5BD39BE6-D266-4594-B8F2-3DB61C975A1E}.Debug|Any CPU.Build.0 = Debug|Any CPU
		{5BD39BE6-D266-4594-B8F2-3DB61C975A1E}.Release|Any CPU.ActiveCfg = Release|Any CPU
		{5BD39BE6-D266-4594-B8F2-3DB61C975A1E}.Release|Any CPU.Build.0 = Release|Any CPU
		{346B0886-979D-47A1-9E62-CE661A505E95}.Debug|Any CPU.ActiveCfg = Debug|Any CPU
		{346B0886-979D-47A1-9E62-CE661A505E95}.Debug|Any CPU.Build.0 = Debug|Any CPU
		{346B0886-979D-47A1-9E62-CE661A505E95}.Release|Any CPU.ActiveCfg = Release|Any CPU
		{346B0886-979D-47A1-9E62-CE661A505E95}.Release|Any CPU.Build.0 = Release|Any CPU
	EndGlobalSection
	GlobalSection(SolutionProperties) = preSolution
		HideSolutionNode = FALSE
	EndGlobalSection
	GlobalSection(NestedProjects) = preSolution
		{D1BE64BE-3701-4095-87BB-8B57BC6BEA76} = {DBB14917-F942-4FA3-98D8-13F5429F5DB4}
		{257D1908-3963-4DDC-9390-5A5480323E46} = {D1BE64BE-3701-4095-87BB-8B57BC6BEA76}
		{E8518230-1C24-418E-A7A7-D751E3088642} = {D1BE64BE-3701-4095-87BB-8B57BC6BEA76}
		{D697F887-C1F6-42E7-9012-C2EEC6139535} = {DBB14917-F942-4FA3-98D8-13F5429F5DB4}
		{DB1CDF1F-76B9-44E0-B4A1-0752CADC4850} = {DBB14917-F942-4FA3-98D8-13F5429F5DB4}
		{A8743CF6-164F-40BB-9069-2B8CB8AEBD6C} = {DBB14917-F942-4FA3-98D8-13F5429F5DB4}
		{5C0C1DED-0203-447F-AE80-A19FE615252A} = {DBB14917-F942-4FA3-98D8-13F5429F5DB4}
		{2E7A2AC2-7AF6-4C02-ABA7-4E21F4E7654D} = {FC0F4F05-0150-4FE8-BD8A-4921400AC325}
		{C50BC375-CFFC-4F5C-BE11-A7CE60E77DEE} = {FC0F4F05-0150-4FE8-BD8A-4921400AC325}
		{DA3B6EFB-A35A-4061-9511-A1C54F292C3C} = {FC0F4F05-0150-4FE8-BD8A-4921400AC325}
		{72151A5D-5DD5-4813-894F-661EE1135D04} = {FC0F4F05-0150-4FE8-BD8A-4921400AC325}
		{F36E8EFB-F608-44FB-8F3E-9BE8AE7F2450} = {FC0F4F05-0150-4FE8-BD8A-4921400AC325}
		{717B79AC-0E45-4052-A4F5-610E8DD015B1} = {2E7A2AC2-7AF6-4C02-ABA7-4E21F4E7654D}
		{24337A15-6E96-49C1-B48E-035F339D27AE} = {8FCB5362-D70F-4822-85CB-92F92A9CB807}
		{6F680CB6-5FD5-4176-AB08-BFF5EF57F940} = {8FCB5362-D70F-4822-85CB-92F92A9CB807}
		{7E60CE77-B227-472E-9B49-A5698FBFFED4} = {24337A15-6E96-49C1-B48E-035F339D27AE}
		{9B667746-DC13-4D5E-888F-F29D019D83A6} = {24337A15-6E96-49C1-B48E-035F339D27AE}
		{5BD39BE6-D266-4594-B8F2-3DB61C975A1E} = {6F680CB6-5FD5-4176-AB08-BFF5EF57F940}
		{346B0886-979D-47A1-9E62-CE661A505E95} = {6F680CB6-5FD5-4176-AB08-BFF5EF57F940}
	EndGlobalSection
	GlobalSection(ExtensibilityGlobals) = postSolution
		SolutionGuid = {9EB1CAAE-4E2A-4AD9-A69A-3B6B70B07A9D}
	EndGlobalSection
EndGlobal
